
Microsoft Visual Studio Solution File, Format Version 12.00
# Visual Studio Version 17
VisualStudioVersion = 17.7.34031.279
MinimumVisualStudioVersion = 10.0.40219.1
Project("{8BC9CEB8-8B4A-11D0-8D11-00A0C91BC942}") = "ITP BlackJack", "ITP BlackJack\ITP BlackJack.vcxproj", "{EED619CA-E3FC-427C-B4B4-9FC161BD6C85}"
EndProject
Project("{8BC9CEB8-8B4A-11D0-8D11-00A0C91BC942}") = "ITP BlackJack C", "ITP BlackJack C\ITP BlackJack C.vcxproj", "{72A99CD9-6FB6-4E8A-B1FF-0582862DF707}"
EndProject
Global
	GlobalSection(SolutionConfigurationPlatforms) = preSolution
		Debug|x64 = Debug|x64
		Debug|x86 = Debug|x86
		Release|x64 = Release|x64
		Release|x86 = Release|x86
	EndGlobalSection
	GlobalSection(ProjectConfigurationPlatforms) = postSolution
		{EED619CA-E3FC-427C-B4B4-9FC161BD6C85}.Debug|x64.ActiveCfg = Debug|x64
		{EED619CA-E3FC-427C-B4B4-9FC161BD6C85}.Debug|x64.Build.0 = Debug|x64
		{EED619CA-E3FC-427C-B4B4-9FC161BD6C85}.Debug|x86.ActiveCfg = Debug|Win32
		{EED619CA-E3FC-427C-B4B4-9FC161BD6C85}.Debug|x86.Build.0 = Debug|Win32
		{EED619CA-E3FC-427C-B4B4-9FC161BD6C85}.Release|x64.ActiveCfg = Release|x64
		{EED619CA-E3FC-427C-B4B4-9FC161BD6C85}.Release|x64.Build.0 = Release|x64
		{EED619CA-E3FC-427C-B4B4-9FC161BD6C85}.Release|x86.ActiveCfg = Release|Win32
		{EED619CA-E3FC-427C-B4B4-9FC161BD6C85}.Release|x86.Build.0 = Release|Win32
		{72A99CD9-6FB6-4E8A-B1FF-0582862DF707}.Debug|x64.ActiveCfg = Debug|x64
		{72A99CD9-6FB6-4E8A-B1FF-0582862DF707}.Debug|x64.Build.0 = Debug|x64
		{72A99CD9-6FB6-4E8A-B1FF-0582862DF707}.Debug|x86.ActiveCfg = Debug|Win32
		{72A99CD9-6FB6-4E8A-B1FF-0582862DF707}.Debug|x86.Build.0 = Debug|Win32
		{72A99CD9-6FB6-4E8A-B1FF-0582862DF707}.Release|x64.ActiveCfg = Release|x64
		{72A99CD9-6FB6-4E8A-B1FF-0582862DF707}.Release|x64.Build.0 = Release|x64
		{72A99CD9-6FB6-4E8A-B1FF-0582862DF707}.Release|x86.ActiveCfg = Release|Win32
		{72A99CD9-6FB6-4E8A-B1FF-0582862DF707}.Release|x86.Build.0 = Release|Win32
	EndGlobalSection
	GlobalSection(SolutionProperties) = preSolution
		HideSolutionNode = FALSE
	EndGlobalSection
	GlobalSection(ExtensibilityGlobals) = postSolution
		SolutionGuid = {023A0453-903B-4D30-88EB-DF12B6C3AD42}
	EndGlobalSection
EndGlobal
